
Microsoft Visual Studio Solution File, Format Version 9.00
# Visual Studio 2005
Project("{E24C65DC-7377-472B-9ABA-BC803B73C61A}") = "D:\euweb\", ".", "{98487B52-4B84-48CD-9FB5-9CCCB3C8A3CB}"
	ProjectSection(WebsiteProperties) = preProject
		Debug.AspNetCompiler.VirtualPath = "/euportal"
		Debug.AspNetCompiler.PhysicalPath = "D:\euportal\"
		Debug.AspNetCompiler.TargetPath = "PrecompiledWeb\euportal\"
		Debug.AspNetCompiler.Updateable = "true"
		Debug.AspNetCompiler.ForceOverwrite = "true"
		Debug.AspNetCompiler.FixedNames = "false"
		Debug.AspNetCompiler.Debug = "True"
		Release.AspNetCompiler.VirtualPath = "/euportal"
		Release.AspNetCompiler.PhysicalPath = "D:\euportal\"
		Release.AspNetCompiler.TargetPath = "PrecompiledWeb\euportal\"
		Release.AspNetCompiler.Updateable = "true"
		Release.AspNetCompiler.ForceOverwrite = "true"
		Release.AspNetCompiler.FixedNames = "false"
		Release.AspNetCompiler.Debug = "False"
		VWDPort = "48845"
	EndProjectSection
EndProject
Global
	GlobalSection(SolutionConfigurationPlatforms) = preSolution
		Debug|.NET = Debug|.NET
	EndGlobalSection
	GlobalSection(ProjectConfigurationPlatforms) = postSolution
		{98487B52-4B84-48CD-9FB5-9CCCB3C8A3CB}.Debug|.NET.ActiveCfg = Debug|.NET
		{98487B52-4B84-48CD-9FB5-9CCCB3C8A3CB}.Debug|.NET.Build.0 = Debug|.NET
	EndGlobalSection
	GlobalSection(SolutionProperties) = preSolution
		HideSolutionNode = FALSE
	EndGlobalSection
EndGlobal
